// !$*UTF8*$!
{
	archiveVersion = 1;
	classes = {
	};
	objectVersion = 46;
	objects = {

/* Begin PBXBuildFile section */
		629ACB2419954B7E00363D3B /* AppDelegate.swift in Sources */ = {isa = PBXBuildFile; fileRef = 629ACB2319954B7E00363D3B /* AppDelegate.swift */; };
		629ACB2719954B7E00363D3B /* UserManDemo.xcdatamodeld in Sources */ = {isa = PBXBuildFile; fileRef = 629ACB2519954B7E00363D3B /* UserManDemo.xcdatamodeld */; };
		629ACB2919954B7E00363D3B /* ViewController.swift in Sources */ = {isa = PBXBuildFile; fileRef = 629ACB2819954B7E00363D3B /* ViewController.swift */; };
		629ACB2C19954B7E00363D3B /* Main.storyboard in Resources */ = {isa = PBXBuildFile; fileRef = 629ACB2A19954B7E00363D3B /* Main.storyboard */; };
		629ACB2E19954B7E00363D3B /* Images.xcassets in Resources */ = {isa = PBXBuildFile; fileRef = 629ACB2D19954B7E00363D3B /* Images.xcassets */; };
		629ACB3A19954B7E00363D3B /* UserManDemoTests.swift in Sources */ = {isa = PBXBuildFile; fileRef = 629ACB3919954B7E00363D3B /* UserManDemoTests.swift */; };
		629ACB4419954BC500363D3B /* Parse.framework in Frameworks */ = {isa = PBXBuildFile; fileRef = 629ACB4319954BC500363D3B /* Parse.framework */; };
		629ACB5019954C8A00363D3B /* AudioToolbox.framework in Frameworks */ = {isa = PBXBuildFile; fileRef = 629ACB4619954C8A00363D3B /* AudioToolbox.framework */; };
		629ACB5119954C8A00363D3B /* CFNetwork.framework in Frameworks */ = {isa = PBXBuildFile; fileRef = 629ACB4719954C8A00363D3B /* CFNetwork.framework */; };
		629ACB5219954C8A00363D3B /* CoreGraphics.framework in Frameworks */ = {isa = PBXBuildFile; fileRef = 629ACB4819954C8A00363D3B /* CoreGraphics.framework */; };
		629ACB5319954C8A00363D3B /* CoreLocation.framework in Frameworks */ = {isa = PBXBuildFile; fileRef = 629ACB4919954C8A00363D3B /* CoreLocation.framework */; };
		629ACB5419954C8A00363D3B /* libz.dylib in Frameworks */ = {isa = PBXBuildFile; fileRef = 629ACB4A19954C8A00363D3B /* libz.dylib */; };
		629ACB5519954C8A00363D3B /* MobileCoreServices.framework in Frameworks */ = {isa = PBXBuildFile; fileRef = 629ACB4B19954C8A00363D3B /* MobileCoreServices.framework */; };
		629ACB5619954C8A00363D3B /* QuartzCore.framework in Frameworks */ = {isa = PBXBuildFile; fileRef = 629ACB4C19954C8A00363D3B /* QuartzCore.framework */; };
		629ACB5719954C8A00363D3B /* Security.framework in Frameworks */ = {isa = PBXBuildFile; fileRef = 629ACB4D19954C8A00363D3B /* Security.framework */; };
		629ACB5819954C8A00363D3B /* StoreKit.framework in Frameworks */ = {isa = PBXBuildFile; fileRef = 629ACB4E19954C8A00363D3B /* StoreKit.framework */; };
		629ACB5919954C8A00363D3B /* SystemConfiguration.framework in Frameworks */ = {isa = PBXBuildFile; fileRef = 629ACB4F19954C8A00363D3B /* SystemConfiguration.framework */; };
/* End PBXBuildFile section */

/* Begin PBXContainerItemProxy section */
		629ACB3419954B7E00363D3B /* PBXContainerItemProxy */ = {
			isa = PBXContainerItemProxy;
			containerPortal = 629ACB1619954B7E00363D3B /* Project object */;
			proxyType = 1;
			remoteGlobalIDString = 629ACB1D19954B7E00363D3B;
			remoteInfo = UserManDemo;
		};
/* End PBXContainerItemProxy section */

/* Begin PBXFileReference section */
		629ACB1E19954B7E00363D3B /* UserManDemo.app */ = {isa = PBXFileReference; explicitFileType = wrapper.application; includeInIndex = 0; path = UserManDemo.app; sourceTree = BUILT_PRODUCTS_DIR; };
		629ACB2219954B7E00363D3B /* Info.plist */ = {isa = PBXFileReference; lastKnownFileType = text.plist.xml; path = Info.plist; sourceTree = "<group>"; };
		629ACB2319954B7E00363D3B /* AppDelegate.swift */ = {isa = PBXFileReference; lastKnownFileType = sourcecode.swift; path = AppDelegate.swift; sourceTree = "<group>"; };
		629ACB2619954B7E00363D3B /* UserManDemo.xcdatamodel */ = {isa = PBXFileReference; lastKnownFileType = wrapper.xcdatamodel; path = UserManDemo.xcdatamodel; sourceTree = "<group>"; };
		629ACB2819954B7E00363D3B /* ViewController.swift */ = {isa = PBXFileReference; lastKnownFileType = sourcecode.swift; path = ViewController.swift; sourceTree = "<group>"; };
		629ACB2B19954B7E00363D3B /* Base */ = {isa = PBXFileReference; lastKnownFileType = file.storyboard; name = Base; path = Base.lproj/Main.storyboard; sourceTree = "<group>"; };
		629ACB2D19954B7E00363D3B /* Images.xcassets */ = {isa = PBXFileReference; lastKnownFileType = folder.assetcatalog; path = Images.xcassets; sourceTree = "<group>"; };
		629ACB3319954B7E00363D3B /* UserManDemoTests.xctest */ = {isa = PBXFileReference; explicitFileType = wrapper.cfbundle; includeInIndex = 0; path = UserManDemoTests.xctest; sourceTree = BUILT_PRODUCTS_DIR; };
		629ACB3819954B7E00363D3B /* Info.plist */ = {isa = PBXFileReference; lastKnownFileType = text.plist.xml; path = Info.plist; sourceTree = "<group>"; };
		629ACB3919954B7E00363D3B /* UserManDemoTests.swift */ = {isa = PBXFileReference; lastKnownFileType = sourcecode.swift; path = UserManDemoTests.swift; sourceTree = "<group>"; };
		629ACB4319954BC500363D3B /* Parse.framework */ = {isa = PBXFileReference; lastKnownFileType = wrapper.framework; path = Parse.framework; sourceTree = "<group>"; };
		629ACB4619954C8A00363D3B /* AudioToolbox.framework */ = {isa = PBXFileReference; lastKnownFileType = wrapper.framework; name = AudioToolbox.framework; path = System/Library/Frameworks/AudioToolbox.framework; sourceTree = SDKROOT; };
		629ACB4719954C8A00363D3B /* CFNetwork.framework */ = {isa = PBXFileReference; lastKnownFileType = wrapper.framework; name = CFNetwork.framework; path = System/Library/Frameworks/CFNetwork.framework; sourceTree = SDKROOT; };
		629ACB4819954C8A00363D3B /* CoreGraphics.framework */ = {isa = PBXFileReference; lastKnownFileType = wrapper.framework; name = CoreGraphics.framework; path = System/Library/Frameworks/CoreGraphics.framework; sourceTree = SDKROOT; };
		629ACB4919954C8A00363D3B /* CoreLocation.framework */ = {isa = PBXFileReference; lastKnownFileType = wrapper.framework; name = CoreLocation.framework; path = System/Library/Frameworks/CoreLocation.framework; sourceTree = SDKROOT; };
		629ACB4A19954C8A00363D3B /* libz.dylib */ = {isa = PBXFileReference; lastKnownFileType = "compiled.mach-o.dylib"; name = libz.dylib; path = usr/lib/libz.dylib; sourceTree = SDKROOT; };
		629ACB4B19954C8A00363D3B /* MobileCoreServices.framework */ = {isa = PBXFileReference; lastKnownFileType = wrapper.framework; name = MobileCoreServices.framework; path = System/Library/Frameworks/MobileCoreServices.framework; sourceTree = SDKROOT; };
		629ACB4C19954C8A00363D3B /* QuartzCore.framework */ = {isa = PBXFileReference; lastKnownFileType = wrapper.framework; name = QuartzCore.framework; path = System/Library/Frameworks/QuartzCore.framework; sourceTree = SDKROOT; };
		629ACB4D19954C8A00363D3B /* Security.framework */ = {isa = PBXFileReference; lastKnownFileType = wrapper.framework; name = Security.framework; path = System/Library/Frameworks/Security.framework; sourceTree = SDKROOT; };
		629ACB4E19954C8A00363D3B /* StoreKit.framework */ = {isa = PBXFileReference; lastKnownFileType = wrapper.framework; name = StoreKit.framework; path = System/Library/Frameworks/StoreKit.framework; sourceTree = SDKROOT; };
		629ACB4F19954C8A00363D3B /* SystemConfiguration.framework */ = {isa = PBXFileReference; lastKnownFileType = wrapper.framework; name = SystemConfiguration.framework; path = System/Library/Frameworks/SystemConfiguration.framework; sourceTree = SDKROOT; };
		629ACB5A19954D6600363D3B /* UserManDemo-Bridging-Header.h */ = {isa = PBXFileReference; lastKnownFileType = sourcecode.c.h; path = "UserManDemo-Bridging-Header.h"; sourceTree = "<group>"; };
/* End PBXFileReference section */

/* Begin PBXFrameworksBuildPhase section */
		629ACB1B19954B7E00363D3B /* Frameworks */ = {
			isa = PBXFrameworksBuildPhase;
			buildActionMask = 2147483647;
			files = (
				629ACB5019954C8A00363D3B /* AudioToolbox.framework in Frameworks */,
				629ACB5119954C8A00363D3B /* CFNetwork.framework in Frameworks */,
				629ACB5219954C8A00363D3B /* CoreGraphics.framework in Frameworks */,
				629ACB5319954C8A00363D3B /* CoreLocation.framework in Frameworks */,
				629ACB5419954C8A00363D3B /* libz.dylib in Frameworks */,
				629ACB5519954C8A00363D3B /* MobileCoreServices.framework in Frameworks */,
				629ACB5619954C8A00363D3B /* QuartzCore.framework in Frameworks */,
				629ACB5719954C8A00363D3B /* Security.framework in Frameworks */,
				629ACB5819954C8A00363D3B /* StoreKit.framework in Frameworks */,
				629ACB5919954C8A00363D3B /* SystemConfiguration.framework in Frameworks */,
				629ACB4419954BC500363D3B /* Parse.framework in Frameworks */,
			);
			runOnlyForDeploymentPostprocessing = 0;
		};
		629ACB3019954B7E00363D3B /* Frameworks */ = {
			isa = PBXFrameworksBuildPhase;
			buildActionMask = 2147483647;
			files = (
			);
			runOnlyForDeploymentPostprocessing = 0;
		};
/* End PBXFrameworksBuildPhase section */

/* Begin PBXGroup section */
		629ACB1519954B7E00363D3B = {
			isa = PBXGroup;
			children = (
				629ACB4519954BD100363D3B /* Frameworks */,
				629ACB2019954B7E00363D3B /* UserManDemo */,
				629ACB3619954B7E00363D3B /* UserManDemoTests */,
				629ACB1F19954B7E00363D3B /* Products */,
			);
			sourceTree = "<group>";
		};
		629ACB1F19954B7E00363D3B /* Products */ = {
			isa = PBXGroup;
			children = (
				629ACB1E19954B7E00363D3B /* UserManDemo.app */,
				629ACB3319954B7E00363D3B /* UserManDemoTests.xctest */,
			);
			name = Products;
			sourceTree = "<group>";
		};
		629ACB2019954B7E00363D3B /* UserManDemo */ = {
			isa = PBXGroup;
			children = (
				629ACB2319954B7E00363D3B /* AppDelegate.swift */,
				629ACB2819954B7E00363D3B /* ViewController.swift */,
				629ACB2A19954B7E00363D3B /* Main.storyboard */,
				629ACB2D19954B7E00363D3B /* Images.xcassets */,
				629ACB2519954B7E00363D3B /* UserManDemo.xcdatamodeld */,
				629ACB2119954B7E00363D3B /* Supporting Files */,
				629ACB5A19954D6600363D3B /* UserManDemo-Bridging-Header.h */,
			);
			path = UserManDemo;
			sourceTree = "<group>";
		};
		629ACB2119954B7E00363D3B /* Supporting Files */ = {
			isa = PBXGroup;
			children = (
				629ACB2219954B7E00363D3B /* Info.plist */,
			);
			name = "Supporting Files";
			sourceTree = "<group>";
		};
		629ACB3619954B7E00363D3B /* UserManDemoTests */ = {
			isa = PBXGroup;
			children = (
				629ACB3919954B7E00363D3B /* UserManDemoTests.swift */,
				629ACB3719954B7E00363D3B /* Supporting Files */,
			);
			path = UserManDemoTests;
			sourceTree = "<group>";
		};
		629ACB3719954B7E00363D3B /* Supporting Files */ = {
			isa = PBXGroup;
			children = (
				629ACB3819954B7E00363D3B /* Info.plist */,
			);
			name = "Supporting Files";
			sourceTree = "<group>";
		};
		629ACB4519954BD100363D3B /* Frameworks */ = {
			isa = PBXGroup;
			children = (
				629ACB4619954C8A00363D3B /* AudioToolbox.framework */,
				629ACB4719954C8A00363D3B /* CFNetwork.framework */,
				629ACB4819954C8A00363D3B /* CoreGraphics.framework */,
				629ACB4919954C8A00363D3B /* CoreLocation.framework */,
				629ACB4A19954C8A00363D3B /* libz.dylib */,
				629ACB4B19954C8A00363D3B /* MobileCoreServices.framework */,
				629ACB4C19954C8A00363D3B /* QuartzCore.framework */,
				629ACB4D19954C8A00363D3B /* Security.framework */,
				629ACB4E19954C8A00363D3B /* StoreKit.framework */,
				629ACB4F19954C8A00363D3B /* SystemConfiguration.framework */,
				629ACB4319954BC500363D3B /* Parse.framework */,
			);
			name = Frameworks;
			sourceTree = "<group>";
		};
/* End PBXGroup section */

/* Begin PBXNativeTarget section */
		629ACB1D19954B7E00363D3B /* UserManDemo */ = {
			isa = PBXNativeTarget;
			buildConfigurationList = 629ACB3D19954B7E00363D3B /* Build configuration list for PBXNativeTarget "UserManDemo" */;
			buildPhases = (
				629ACB1A19954B7E00363D3B /* Sources */,
				629ACB1B19954B7E00363D3B /* Frameworks */,
				629ACB1C19954B7E00363D3B /* Resources */,
			);
			buildRules = (
			);
			dependencies = (
			);
			name = UserManDemo;
			productName = UserManDemo;
			productReference = 629ACB1E19954B7E00363D3B /* UserManDemo.app */;
			productType = "com.apple.product-type.application";
		};
		629ACB3219954B7E00363D3B /* UserManDemoTests */ = {
			isa = PBXNativeTarget;
			buildConfigurationList = 629ACB4019954B7E00363D3B /* Build configuration list for PBXNativeTarget "UserManDemoTests" */;
			buildPhases = (
				629ACB2F19954B7E00363D3B /* Sources */,
				629ACB3019954B7E00363D3B /* Frameworks */,
				629ACB3119954B7E00363D3B /* Resources */,
			);
			buildRules = (
			);
			dependencies = (
				629ACB3519954B7E00363D3B /* PBXTargetDependency */,
			);
			name = UserManDemoTests;
			productName = UserManDemoTests;
			productReference = 629ACB3319954B7E00363D3B /* UserManDemoTests.xctest */;
			productType = "com.apple.product-type.bundle.unit-test";
		};
/* End PBXNativeTarget section */

/* Begin PBXProject section */
		629ACB1619954B7E00363D3B /* Project object */ = {
			isa = PBXProject;
			attributes = {
				LastUpgradeCheck = 0600;
				ORGANIZATIONNAME = weimed;
				TargetAttributes = {
					629ACB1D19954B7E00363D3B = {
						CreatedOnToolsVersion = 6.0;
					};
					629ACB3219954B7E00363D3B = {
						CreatedOnToolsVersion = 6.0;
						TestTargetID = 629ACB1D19954B7E00363D3B;
					};
				};
			};
			buildConfigurationList = 629ACB1919954B7E00363D3B /* Build configuration list for PBXProject "UserManDemo" */;
			compatibilityVersion = "Xcode 3.2";
			developmentRegion = English;
			hasScannedForEncodings = 0;
			knownRegions = (
				en,
				Base,
			);
			mainGroup = 629ACB1519954B7E00363D3B;
			productRefGroup = 629ACB1F19954B7E00363D3B /* Products */;
			projectDirPath = "";
			projectRoot = "";
			targets = (
				629ACB1D19954B7E00363D3B /* UserManDemo */,
				629ACB3219954B7E00363D3B /* UserManDemoTests */,
			);
		};
/* End PBXProject section */

/* Begin PBXResourcesBuildPhase section */
		629ACB1C19954B7E00363D3B /* Resources */ = {
			isa = PBXResourcesBuildPhase;
			buildActionMask = 2147483647;
			files = (
				629ACB2C19954B7E00363D3B /* Main.storyboard in Resources */,
				629ACB2E19954B7E00363D3B /* Images.xcassets in Resources */,
			);
			runOnlyForDeploymentPostprocessing = 0;
		};
		629ACB3119954B7E00363D3B /* Resources */ = {
			isa = PBXResourcesBuildPhase;
			buildActionMask = 2147483647;
			files = (
			);
			runOnlyForDeploymentPostprocessing = 0;
		};
/* End PBXResourcesBuildPhase section */

/* Begin PBXSourcesBuildPhase section */
		629ACB1A19954B7E00363D3B /* Sources */ = {
			isa = PBXSourcesBuildPhase;
			buildActionMask = 2147483647;
			files = (
				629ACB2919954B7E00363D3B /* ViewController.swift in Sources */,
				629ACB2719954B7E00363D3B /* UserManDemo.xcdatamodeld in Sources */,
				629ACB2419954B7E00363D3B /* AppDelegate.swift in Sources */,
			);
			runOnlyForDeploymentPostprocessing = 0;
		};
		629ACB2F19954B7E00363D3B /* Sources */ = {
			isa = PBXSourcesBuildPhase;
			buildActionMask = 2147483647;
			files = (
				629ACB3A19954B7E00363D3B /* UserManDemoTests.swift in Sources */,
			);
			runOnlyForDeploymentPostprocessing = 0;
		};
/* End PBXSourcesBuildPhase section */

/* Begin PBXTargetDependency section */
		629ACB3519954B7E00363D3B /* PBXTargetDependency */ = {
			isa = PBXTargetDependency;
			target = 629ACB1D19954B7E00363D3B /* UserManDemo */;
			targetProxy = 629ACB3419954B7E00363D3B /* PBXContainerItemProxy */;
		};
/* End PBXTargetDependency section */

/* Begin PBXVariantGroup section */
		629ACB2A19954B7E00363D3B /* Main.storyboard */ = {
			isa = PBXVariantGroup;
			children = (
				629ACB2B19954B7E00363D3B /* Base */,
			);
			name = Main.storyboard;
			sourceTree = "<group>";
		};
/* End PBXVariantGroup section */

/* Begin XCBuildConfiguration section */
		629ACB3B19954B7E00363D3B /* Debug */ = {
			isa = XCBuildConfiguration;
			buildSettings = {
				ALWAYS_SEARCH_USER_PATHS = NO;
				CLANG_CXX_LANGUAGE_STANDARD = "gnu++0x";
				CLANG_CXX_LIBRARY = "libc++";
				CLANG_ENABLE_MODULES = YES;
				CLANG_ENABLE_OBJC_ARC = YES;
				CLANG_WARN_BOOL_CONVERSION = YES;
				CLANG_WARN_CONSTANT_CONVERSION = YES;
				CLANG_WARN_DIRECT_OBJC_ISA_USAGE = YES_ERROR;
				CLANG_WARN_EMPTY_BODY = YES;
				CLANG_WARN_ENUM_CONVERSION = YES;
				CLANG_WARN_INT_CONVERSION = YES;
				CLANG_WARN_OBJC_ROOT_CLASS = YES_ERROR;
				CLANG_WARN_UNREACHABLE_CODE = YES;
				CLANG_WARN__DUPLICATE_METHOD_MATCH = YES;
				"CODE_SIGN_IDENTITY[sdk=iphoneos*]" = "iPhone Developer";
				COPY_PHASE_STRIP = NO;
				ENABLE_STRICT_OBJC_MSGSEND = YES;
				GCC_C_LANGUAGE_STANDARD = gnu99;
				GCC_DYNAMIC_NO_PIC = NO;
				GCC_OPTIMIZATION_LEVEL = 0;
				GCC_PREPROCESSOR_DEFINITIONS = (
					"DEBUG=1",
					"$(inherited)",
				);
				GCC_SYMBOLS_PRIVATE_EXTERN = NO;
				GCC_WARN_64_TO_32_BIT_CONVERSION = YES;
				GCC_WARN_ABOUT_RETURN_TYPE = YES_ERROR;
				GCC_WARN_UNDECLARED_SELECTOR = YES;
				GCC_WARN_UNINITIALIZED_AUTOS = YES_AGGRESSIVE;
				GCC_WARN_UNUSED_FUNCTION = YES;
				GCC_WARN_UNUSED_VARIABLE = YES;
				IPHONEOS_DEPLOYMENT_TARGET = 8.0;
				MTL_ENABLE_DEBUG_INFO = YES;
				ONLY_ACTIVE_ARCH = YES;
				SDKROOT = iphoneos;
				SWIFT_OPTIMIZATION_LEVEL = "-Onone";
				TARGETED_DEVICE_FAMILY = "1,2";
			};
			name = Debug;
		};
		629ACB3C19954B7E00363D3B /* Release */ = {
			isa = XCBuildConfiguration;
			buildSettings = {
				ALWAYS_SEARCH_USER_PATHS = NO;
				CLANG_CXX_LANGUAGE_STANDARD = "gnu++0x";
				CLANG_CXX_LIBRARY = "libc++";
				CLANG_ENABLE_MODULES = YES;
				CLANG_ENABLE_OBJC_ARC = YES;
				CLANG_WARN_BOOL_CONVERSION = YES;
				CLANG_WARN_CONSTANT_CONVERSION = YES;
				CLANG_WARN_DIRECT_OBJC_ISA_USAGE = YES_ERROR;
				CLANG_WARN_EMPTY_BODY = YES;
				CLANG_WARN_ENUM_CONVERSION = YES;
				CLANG_WARN_INT_CONVERSION = YES;
				CLANG_WARN_OBJC_ROOT_CLASS = YES_ERROR;
				CLANG_WARN_UNREACHABLE_CODE = YES;
				CLANG_WARN__DUPLICATE_METHOD_MATCH = YES;
				"CODE_SIGN_IDENTITY[sdk=iphoneos*]" = "iPhone Developer";
				COPY_PHASE_STRIP = YES;
				ENABLE_NS_ASSERTIONS = NO;
				ENABLE_STRICT_OBJC_MSGSEND = YES;
				GCC_C_LANGUAGE_STANDARD = gnu99;
				GCC_WARN_64_TO_32_BIT_CONVERSION = YES;
				GCC_WARN_ABOUT_RETURN_TYPE = YES_ERROR;
				GCC_WARN_UNDECLARED_SELECTOR = YES;
				GCC_WARN_UNINITIALIZED_AUTOS = YES_AGGRESSIVE;
				GCC_WARN_UNUSED_FUNCTION = YES;
				GCC_WARN_UNUSED_VARIABLE = YES;
				IPHONEOS_DEPLOYMENT_TARGET = 8.0;
				MTL_ENABLE_DEBUG_INFO = NO;
				SDKROOT = iphoneos;
				TARGETED_DEVICE_FAMILY = "1,2";
				VALIDATE_PRODUCT = YES;
			};
			name = Release;
		};
		629ACB3E19954B7E00363D3B /* Debug */ = {
			isa = XCBuildConfiguration;
			buildSettings = {
				ASSETCATALOG_COMPILER_APPICON_NAME = AppIcon;
				ASSETCATALOG_COMPILER_LAUNCHIMAGE_NAME = LaunchImage;
				CLANG_ENABLE_MODULES = YES;
				FRAMEWORK_SEARCH_PATHS = (
					"$(inherited)",
					"$(PROJECT_DIR)",
				);
				INFOPLIST_FILE = UserManDemo/Info.plist;
				LD_RUNPATH_SEARCH_PATHS = "$(inherited) @executable_path/Frameworks";
				PRODUCT_NAME = "$(TARGET_NAME)";
				SWIFT_OBJC_BRIDGING_HEADER = "UserManDemo/UserManDemo-Bridging-Header.h";
				SWIFT_OPTIMIZATION_LEVEL = "-Onone";
			};
			name = Debug;
		};
		629ACB3F19954B7E00363D3B /* Release */ = {
			isa = XCBuildConfiguration;
			buildSettings = {
				ASSETCATALOG_COMPILER_APPICON_NAME = AppIcon;
				ASSETCATALOG_COMPILER_LAUNCHIMAGE_NAME = LaunchImage;
				CLANG_ENABLE_MODULES = YES;
				FRAMEWORK_SEARCH_PATHS = (
					"$(inherited)",
					"$(PROJECT_DIR)",
				);
				INFOPLIST_FILE = UserManDemo/Info.plist;
				LD_RUNPATH_SEARCH_PATHS = "$(inherited) @executable_path/Frameworks";
				PRODUCT_NAME = "$(TARGET_NAME)";
				SWIFT_OBJC_BRIDGING_HEADER = "UserManDemo/UserManDemo-Bridging-Header.h";
			};
			name = Release;
		};
		629ACB4119954B7E00363D3B /* Debug */ = {
			isa = XCBuildConfiguration;
			buildSettings = {
				BUNDLE_LOADER = "$(BUILT_PRODUCTS_DIR)/UserManDemo.app/UserManDemo";
				FRAMEWORK_SEARCH_PATHS = (
					"$(SDKROOT)/Developer/Library/Frameworks",
					"$(inherited)",
				);
				GCC_PREPROCESSOR_DEFINITIONS = (
					"DEBUG=1",
					"$(inherited)",
				);
				INFOPLIST_FILE = UserManDemoTests/Info.plist;
				LD_RUNPATH_SEARCH_PATHS = "$(inherited) @executable_path/Frameworks @loader_path/Frameworks";
				PRODUCT_NAME = "$(TARGET_NAME)";
				TEST_HOST = "$(BUNDLE_LOADER)";
			};
			name = Debug;
		};
		629ACB4219954B7E00363D3B /* Release */ = {
			isa = XCBuildConfiguration;
			buildSettings = {
				BUNDLE_LOADER = "$(BUILT_PRODUCTS_DIR)/UserManDemo.app/UserManDemo";
				FRAMEWORK_SEARCH_PATHS = (
					"$(SDKROOT)/Developer/Library/Frameworks",
					"$(inherited)",
				);
				INFOPLIST_FILE = UserManDemoTests/Info.plist;
				LD_RUNPATH_SEARCH_PATHS = "$(inherited) @executable_path/Frameworks @loader_path/Frameworks";
				PRODUCT_NAME = "$(TARGET_NAME)";
				TEST_HOST = "$(BUNDLE_LOADER)";
			};
			name = Release;
		};
/* End XCBuildConfiguration section */

/* Begin XCConfigurationList section */
		629ACB1919954B7E00363D3B /* Build configuration list for PBXProject "UserManDemo" */ = {
			isa = XCConfigurationList;
			buildConfigurations = (
				629ACB3B19954B7E00363D3B /* Debug */,
				629ACB3C19954B7E00363D3B /* Release */,
			);
			defaultConfigurationIsVisible = 0;
			defaultConfigurationName = Release;
		};
		629ACB3D19954B7E00363D3B /* Build configuration list for PBXNativeTarget "UserManDemo" */ = {
			isa = XCConfigurationList;
			buildConfigurations = (
				629ACB3E19954B7E00363D3B /* Debug */,
				629ACB3F19954B7E00363D3B /* Release */,
			);
			defaultConfigurationIsVisible = 0;
		};
		629ACB4019954B7E00363D3B /* Build configuration list for PBXNativeTarget "UserManDemoTests" */ = {
			isa = XCConfigurationList;
			buildConfigurations = (
				629ACB4119954B7E00363D3B /* Debug */,
				629ACB4219954B7E00363D3B /* Release */,
			);
			defaultConfigurationIsVisible = 0;
		};
/* End XCConfigurationList section */

/* Begin XCVersionGroup section */
		629ACB2519954B7E00363D3B /* UserManDemo.xcdatamodeld */ = {
			isa = XCVersionGroup;
			children = (
				629ACB2619954B7E00363D3B /* UserManDemo.xcdatamodel */,
			);
			currentVersion = 629ACB2619954B7E00363D3B /* UserManDemo.xcdatamodel */;
			path = UserManDemo.xcdatamodeld;
			sourceTree = "<group>";
			versionGroupType = wrapper.xcdatamodel;
		};
/* End XCVersionGroup section */
	};
	rootObject = 629ACB1619954B7E00363D3B /* Project object */;
}
